
Microsoft Visual Studio Solution File, Format Version 12.00
# Visual Studio Version 17
VisualStudioVersion = 17.2.32602.215
MinimumVisualStudioVersion = 10.0.40219.1
Project("{FAE04EC0-301F-11D3-BF4B-00C04F79EFBC}") = "CarDealer", "CarDealer\CarDealer.csproj", "{144ED1C9-9B07-45FC-956A-8EFDF958E9BD}"
EndProject
Global
	GlobalSection(SolutionConfigurationPlatforms) = preSolution
		Debug|Any CPU = Debug|Any CPU
		Release|Any CPU = Release|Any CPU
	EndGlobalSection
	GlobalSection(ProjectConfigurationPlatforms) = postSolution
		{144ED1C9-9B07-45FC-956A-8EFDF958E9BD}.Debug|Any CPU.ActiveCfg = Debug|Any CPU
		{144ED1C9-9B07-45FC-956A-8EFDF958E9BD}.Debug|Any CPU.Build.0 = Debug|Any CPU
		{144ED1C9-9B07-45FC-956A-8EFDF958E9BD}.Release|Any CPU.ActiveCfg = Release|Any CPU
		{144ED1C9-9B07-45FC-956A-8EFDF958E9BD}.Release|Any CPU.Build.0 = Release|Any CPU
	EndGlobalSection
	GlobalSection(SolutionProperties) = preSolution
		HideSolutionNode = FALSE
	EndGlobalSection
	GlobalSection(ExtensibilityGlobals) = postSolution
		SolutionGuid = {B9FA47D9-BF62-4B8B-9C45-128733189EC3}
	EndGlobalSection
EndGlobal
